{
  "name": "sql-gen-user",
  "version": "1.0.0",
  "lockfileVersion": 1,
  "requires": true,
  "dependencies": {
    "db-populator": {
      "version": "1.0.13",
      "resolved": "https://registry.npmjs.org/db-populator/-/db-populator-1.0.13.tgz",
      "integrity": "sha512-70D7Wh4JYnPLbiEzLinHKeZmkvpBsm7DI6X8Z6BWEWF/vxPSRLTHl/0p8NTgCBaHH+4KRu3MNmHGZeHLkEWeyg==",
      "dev": true
    }
  }
}
